
Microsoft Visual Studio Solution File, Format Version 11.00
# Visual Studio 2010
Project("{FAE04EC0-301F-11D3-BF4B-00C04F79EFBC}") = "ServerEntities", "services\serverentities\ServerEntities.csproj", "{FC6908F4-5BA4-4AE0-BB87-E110EB76EDF7}"
EndProject
Project("{FAE04EC0-301F-11D3-BF4B-00C04F79EFBC}") = "ServiceHelpers", "services\servicehelpers\ServiceHelpers.csproj", "{F9A1E801-73CB-436A-BF0A-FD58B6473112}"
EndProject
Project("{FAE04EC0-301F-11D3-BF4B-00C04F79EFBC}") = "MailWorker", "services\mailworker\MailWorker.csproj", "{583653FF-2E30-43F5-A4ED-9CBAB3218D7D}"
EndProject
Project("{CC5FD16D-436D-48AD-A40C-5A424C6E3E79}") = "Azure", "services\azure\Azure.ccproj", "{46E77407-C105-4F01-AE6F-5CDB3CEE491F}"
EndProject
Project("{FAE04EC0-301F-11D3-BF4B-00C04F79EFBC}") = "Website", "services\website\Website.csproj", "{AE9DFDD6-E41D-4FCE-9522-3F2894059AC1}"
EndProject
Project("{FAE04EC0-301F-11D3-BF4B-00C04F79EFBC}") = "ClientEntities", "devices\shared\cliententities\ClientEntities.csproj", "{2BD03228-793E-4A41-A89E-1C1987753A81}"
EndProject
Project("{FAE04EC0-301F-11D3-BF4B-00C04F79EFBC}") = "Utilities", "devices\shared\utilities\Utilities.csproj", "{DE7362EF-03DB-4FE2-BFD9-C9F83143C4BC}"
EndProject
Project("{FAE04EC0-301F-11D3-BF4B-00C04F79EFBC}") = "WPKeyboardHelper", "devices\winphone\keyboardhelper\WPKeyboardHelper.csproj", "{408673A0-8507-4032-9E5C-530DBC71E85D}"
EndProject
Project("{FAE04EC0-301F-11D3-BF4B-00C04F79EFBC}") = "WinPhone", "devices\winphone\winphone\WinPhone.csproj", "{23442708-F7D3-449C-B572-42EF4D44AD0B}"
EndProject
Global
	GlobalSection(TestCaseManagementSettings) = postSolution
		CategoryFile = TaskStore.vsmdi
	EndGlobalSection
	GlobalSection(SolutionConfigurationPlatforms) = preSolution
		Debug|Any CPU = Debug|Any CPU
		Release|Any CPU = Release|Any CPU
	EndGlobalSection
	GlobalSection(ProjectConfigurationPlatforms) = postSolution
		{FC6908F4-5BA4-4AE0-BB87-E110EB76EDF7}.Debug|Any CPU.ActiveCfg = Debug|Any CPU
		{FC6908F4-5BA4-4AE0-BB87-E110EB76EDF7}.Debug|Any CPU.Build.0 = Debug|Any CPU
		{FC6908F4-5BA4-4AE0-BB87-E110EB76EDF7}.Release|Any CPU.ActiveCfg = Release|Any CPU
		{FC6908F4-5BA4-4AE0-BB87-E110EB76EDF7}.Release|Any CPU.Build.0 = Release|Any CPU
		{F9A1E801-73CB-436A-BF0A-FD58B6473112}.Debug|Any CPU.ActiveCfg = Debug|Any CPU
		{F9A1E801-73CB-436A-BF0A-FD58B6473112}.Debug|Any CPU.Build.0 = Debug|Any CPU
		{F9A1E801-73CB-436A-BF0A-FD58B6473112}.Release|Any CPU.ActiveCfg = Release|Any CPU
		{F9A1E801-73CB-436A-BF0A-FD58B6473112}.Release|Any CPU.Build.0 = Release|Any CPU
		{583653FF-2E30-43F5-A4ED-9CBAB3218D7D}.Debug|Any CPU.ActiveCfg = Debug|Any CPU
		{583653FF-2E30-43F5-A4ED-9CBAB3218D7D}.Debug|Any CPU.Build.0 = Debug|Any CPU
		{583653FF-2E30-43F5-A4ED-9CBAB3218D7D}.Release|Any CPU.ActiveCfg = Release|Any CPU
		{583653FF-2E30-43F5-A4ED-9CBAB3218D7D}.Release|Any CPU.Build.0 = Release|Any CPU
		{46E77407-C105-4F01-AE6F-5CDB3CEE491F}.Debug|Any CPU.ActiveCfg = Debug|Any CPU
		{46E77407-C105-4F01-AE6F-5CDB3CEE491F}.Debug|Any CPU.Build.0 = Debug|Any CPU
		{46E77407-C105-4F01-AE6F-5CDB3CEE491F}.Release|Any CPU.ActiveCfg = Release|Any CPU
		{46E77407-C105-4F01-AE6F-5CDB3CEE491F}.Release|Any CPU.Build.0 = Release|Any CPU
		{AE9DFDD6-E41D-4FCE-9522-3F2894059AC1}.Debug|Any CPU.ActiveCfg = Debug|Any CPU
		{AE9DFDD6-E41D-4FCE-9522-3F2894059AC1}.Debug|Any CPU.Build.0 = Debug|Any CPU
		{AE9DFDD6-E41D-4FCE-9522-3F2894059AC1}.Release|Any CPU.ActiveCfg = Release|Any CPU
		{AE9DFDD6-E41D-4FCE-9522-3F2894059AC1}.Release|Any CPU.Build.0 = Release|Any CPU
		{2BD03228-793E-4A41-A89E-1C1987753A81}.Debug|Any CPU.ActiveCfg = Debug|Any CPU
		{2BD03228-793E-4A41-A89E-1C1987753A81}.Debug|Any CPU.Build.0 = Debug|Any CPU
		{2BD03228-793E-4A41-A89E-1C1987753A81}.Release|Any CPU.ActiveCfg = Release|Any CPU
		{2BD03228-793E-4A41-A89E-1C1987753A81}.Release|Any CPU.Build.0 = Release|Any CPU
		{DE7362EF-03DB-4FE2-BFD9-C9F83143C4BC}.Debug|Any CPU.ActiveCfg = Debug|Any CPU
		{DE7362EF-03DB-4FE2-BFD9-C9F83143C4BC}.Debug|Any CPU.Build.0 = Debug|Any CPU
		{DE7362EF-03DB-4FE2-BFD9-C9F83143C4BC}.Release|Any CPU.ActiveCfg = Release|Any CPU
		{DE7362EF-03DB-4FE2-BFD9-C9F83143C4BC}.Release|Any CPU.Build.0 = Release|Any CPU
		{408673A0-8507-4032-9E5C-530DBC71E85D}.Debug|Any CPU.ActiveCfg = Debug|Any CPU
		{408673A0-8507-4032-9E5C-530DBC71E85D}.Debug|Any CPU.Build.0 = Debug|Any CPU
		{408673A0-8507-4032-9E5C-530DBC71E85D}.Release|Any CPU.ActiveCfg = Release|Any CPU
		{408673A0-8507-4032-9E5C-530DBC71E85D}.Release|Any CPU.Build.0 = Release|Any CPU
		{23442708-F7D3-449C-B572-42EF4D44AD0B}.Debug|Any CPU.ActiveCfg = Debug|Any CPU
		{23442708-F7D3-449C-B572-42EF4D44AD0B}.Debug|Any CPU.Build.0 = Debug|Any CPU
		{23442708-F7D3-449C-B572-42EF4D44AD0B}.Debug|Any CPU.Deploy.0 = Debug|Any CPU
		{23442708-F7D3-449C-B572-42EF4D44AD0B}.Release|Any CPU.ActiveCfg = Release|Any CPU
		{23442708-F7D3-449C-B572-42EF4D44AD0B}.Release|Any CPU.Build.0 = Release|Any CPU
		{23442708-F7D3-449C-B572-42EF4D44AD0B}.Release|Any CPU.Deploy.0 = Release|Any CPU
	EndGlobalSection
	GlobalSection(SolutionProperties) = preSolution
		HideSolutionNode = FALSE
	EndGlobalSection
EndGlobal
