
Microsoft Visual Studio Solution File, Format Version 11.00
# Visual Studio 2010
Project("{FAE04EC0-301F-11D3-BF4B-00C04F79EFBC}") = "WPKeyboardHelper", "keyboardhelper\WPKeyboardHelper.csproj", "{408673A0-8507-4032-9E5C-530DBC71E85D}"
EndProject
Project("{FAE04EC0-301F-11D3-BF4B-00C04F79EFBC}") = "Utilities", "..\shared\utilities\Utilities.csproj", "{DE7362EF-03DB-4FE2-BFD9-C9F83143C4BC}"
EndProject
Project("{FAE04EC0-301F-11D3-BF4B-00C04F79EFBC}") = "WinPhone", "winphone\WinPhone.csproj", "{23442708-F7D3-449C-B572-42EF4D44AD0B}"
EndProject
Project("{FAE04EC0-301F-11D3-BF4B-00C04F79EFBC}") = "ClientEntities", "..\shared\cliententities\ClientEntities.csproj", "{2BD03228-793E-4A41-A89E-1C1987753A81}"
EndProject
Global
	GlobalSection(TestCaseManagementSettings) = postSolution
		CategoryFile = TaskStore.vsmdi
	EndGlobalSection
	GlobalSection(SolutionConfigurationPlatforms) = preSolution
		Debug|Any CPU = Debug|Any CPU
		Release|Any CPU = Release|Any CPU
	EndGlobalSection
	GlobalSection(ProjectConfigurationPlatforms) = postSolution
		{408673A0-8507-4032-9E5C-530DBC71E85D}.Debug|Any CPU.ActiveCfg = Debug|Any CPU
		{408673A0-8507-4032-9E5C-530DBC71E85D}.Debug|Any CPU.Build.0 = Debug|Any CPU
		{408673A0-8507-4032-9E5C-530DBC71E85D}.Release|Any CPU.ActiveCfg = Release|Any CPU
		{408673A0-8507-4032-9E5C-530DBC71E85D}.Release|Any CPU.Build.0 = Release|Any CPU
		{DE7362EF-03DB-4FE2-BFD9-C9F83143C4BC}.Debug|Any CPU.ActiveCfg = Debug|Any CPU
		{DE7362EF-03DB-4FE2-BFD9-C9F83143C4BC}.Debug|Any CPU.Build.0 = Debug|Any CPU
		{DE7362EF-03DB-4FE2-BFD9-C9F83143C4BC}.Release|Any CPU.ActiveCfg = Release|Any CPU
		{DE7362EF-03DB-4FE2-BFD9-C9F83143C4BC}.Release|Any CPU.Build.0 = Release|Any CPU
		{23442708-F7D3-449C-B572-42EF4D44AD0B}.Debug|Any CPU.ActiveCfg = Debug|Any CPU
		{23442708-F7D3-449C-B572-42EF4D44AD0B}.Debug|Any CPU.Build.0 = Debug|Any CPU
		{23442708-F7D3-449C-B572-42EF4D44AD0B}.Debug|Any CPU.Deploy.0 = Debug|Any CPU
		{23442708-F7D3-449C-B572-42EF4D44AD0B}.Release|Any CPU.ActiveCfg = Release|Any CPU
		{23442708-F7D3-449C-B572-42EF4D44AD0B}.Release|Any CPU.Build.0 = Release|Any CPU
		{23442708-F7D3-449C-B572-42EF4D44AD0B}.Release|Any CPU.Deploy.0 = Release|Any CPU
		{2BD03228-793E-4A41-A89E-1C1987753A81}.Debug|Any CPU.ActiveCfg = Debug|Any CPU
		{2BD03228-793E-4A41-A89E-1C1987753A81}.Debug|Any CPU.Build.0 = Debug|Any CPU
		{2BD03228-793E-4A41-A89E-1C1987753A81}.Release|Any CPU.ActiveCfg = Release|Any CPU
		{2BD03228-793E-4A41-A89E-1C1987753A81}.Release|Any CPU.Build.0 = Release|Any CPU
	EndGlobalSection
	GlobalSection(SolutionProperties) = preSolution
		HideSolutionNode = FALSE
	EndGlobalSection
EndGlobal
